
Microsoft Visual Studio Solution File, Format Version 12.00
# Visual Studio Version 16
VisualStudioVersion = 16.0.29613.14
MinimumVisualStudioVersion = 10.0.40219.1
Project("{FAE04EC0-301F-11D3-BF4B-00C04F79EFBC}") = "RMDataManager", "RMDataManager\RMDataManager.csproj", "{6689E1F6-1545-4AFA-9170-8623B01DBE8D}"
EndProject
Project("{00D1A9C2-B5F0-4AF3-8072-F6C62B433612}") = "RMData", "RMData\RMData.sqlproj", "{063DAB79-8535-4E0F-9882-A4F4F2DF08C6}"
EndProject
Project("{FAE04EC0-301F-11D3-BF4B-00C04F79EFBC}") = "RMDesktop.UI", "RMDesktop.UI\RMDesktop.UI.csproj", "{9EE107CD-22D2-4AC4-B707-9CD51151C7E7}"
EndProject
Project("{FAE04EC0-301F-11D3-BF4B-00C04F79EFBC}") = "RMDataManager.Library", "RMDataManager.Library\RMDataManager.Library.csproj", "{E11981B1-37EF-4EC2-A210-DEB33AEABA26}"
EndProject
Global
	GlobalSection(SolutionConfigurationPlatforms) = preSolution
		Debug|Any CPU = Debug|Any CPU
		Release|Any CPU = Release|Any CPU
	EndGlobalSection
	GlobalSection(ProjectConfigurationPlatforms) = postSolution
		{6689E1F6-1545-4AFA-9170-8623B01DBE8D}.Debug|Any CPU.ActiveCfg = Debug|Any CPU
		{6689E1F6-1545-4AFA-9170-8623B01DBE8D}.Debug|Any CPU.Build.0 = Debug|Any CPU
		{6689E1F6-1545-4AFA-9170-8623B01DBE8D}.Release|Any CPU.ActiveCfg = Release|Any CPU
		{6689E1F6-1545-4AFA-9170-8623B01DBE8D}.Release|Any CPU.Build.0 = Release|Any CPU
		{063DAB79-8535-4E0F-9882-A4F4F2DF08C6}.Debug|Any CPU.ActiveCfg = Debug|Any CPU
		{063DAB79-8535-4E0F-9882-A4F4F2DF08C6}.Debug|Any CPU.Build.0 = Debug|Any CPU
		{063DAB79-8535-4E0F-9882-A4F4F2DF08C6}.Debug|Any CPU.Deploy.0 = Debug|Any CPU
		{063DAB79-8535-4E0F-9882-A4F4F2DF08C6}.Release|Any CPU.ActiveCfg = Release|Any CPU
		{063DAB79-8535-4E0F-9882-A4F4F2DF08C6}.Release|Any CPU.Build.0 = Release|Any CPU
		{063DAB79-8535-4E0F-9882-A4F4F2DF08C6}.Release|Any CPU.Deploy.0 = Release|Any CPU
		{9EE107CD-22D2-4AC4-B707-9CD51151C7E7}.Debug|Any CPU.ActiveCfg = Debug|Any CPU
		{9EE107CD-22D2-4AC4-B707-9CD51151C7E7}.Debug|Any CPU.Build.0 = Debug|Any CPU
		{9EE107CD-22D2-4AC4-B707-9CD51151C7E7}.Release|Any CPU.ActiveCfg = Release|Any CPU
		{9EE107CD-22D2-4AC4-B707-9CD51151C7E7}.Release|Any CPU.Build.0 = Release|Any CPU
		{E11981B1-37EF-4EC2-A210-DEB33AEABA26}.Debug|Any CPU.ActiveCfg = Debug|Any CPU
		{E11981B1-37EF-4EC2-A210-DEB33AEABA26}.Debug|Any CPU.Build.0 = Debug|Any CPU
		{E11981B1-37EF-4EC2-A210-DEB33AEABA26}.Release|Any CPU.ActiveCfg = Release|Any CPU
		{E11981B1-37EF-4EC2-A210-DEB33AEABA26}.Release|Any CPU.Build.0 = Release|Any CPU
	EndGlobalSection
	GlobalSection(SolutionProperties) = preSolution
		HideSolutionNode = FALSE
	EndGlobalSection
	GlobalSection(ExtensibilityGlobals) = postSolution
		SolutionGuid = {CBA4B687-3FD9-469D-AC53-72EC2632982D}
	EndGlobalSection
EndGlobal
